// !$*UTF8*$!
{
	archiveVersion = 1;
	classes = {
	};
	objectVersion = 46;
	objects = {

/* Begin PBXBuildFile section */
		F7B81BB3176F3B7E009B52D0 /* Foundation.framework in Frameworks */ = {isa = PBXBuildFile; fileRef = F7B81BB2176F3B7E009B52D0 /* Foundation.framework */; };
		F7B81BB5176F3B7E009B52D0 /* CoreGraphics.framework in Frameworks */ = {isa = PBXBuildFile; fileRef = F7B81BB4176F3B7E009B52D0 /* CoreGraphics.framework */; };
		F7B81BB7176F3B7E009B52D0 /* UIKit.framework in Frameworks */ = {isa = PBXBuildFile; fileRef = F7B81BB6176F3B7E009B52D0 /* UIKit.framework */; };
		F7B81BBD176F3B7E009B52D0 /* InfoPlist.strings in Resources */ = {isa = PBXBuildFile; fileRef = F7B81BBB176F3B7E009B52D0 /* InfoPlist.strings */; };
		F7B81BBF176F3B7E009B52D0 /* main.m in Sources */ = {isa = PBXBuildFile; fileRef = F7B81BBE176F3B7E009B52D0 /* main.m */; };
		F7B81BC3176F3B7E009B52D0 /* AppDelegate.m in Sources */ = {isa = PBXBuildFile; fileRef = F7B81BC2176F3B7E009B52D0 /* AppDelegate.m */; };
		F7B81BC5176F3B7E009B52D0 /* Images.xcassets in Resources */ = {isa = PBXBuildFile; fileRef = F7B81BC4176F3B7E009B52D0 /* Images.xcassets */; };
		F7B81BCC176F3B7E009B52D0 /* XCTest.framework in Frameworks */ = {isa = PBXBuildFile; fileRef = F7B81BCB176F3B7E009B52D0 /* XCTest.framework */; };
		F7B81BCD176F3B7E009B52D0 /* Foundation.framework in Frameworks */ = {isa = PBXBuildFile; fileRef = F7B81BB2176F3B7E009B52D0 /* Foundation.framework */; };
		F7B81BCE176F3B7E009B52D0 /* UIKit.framework in Frameworks */ = {isa = PBXBuildFile; fileRef = F7B81BB6176F3B7E009B52D0 /* UIKit.framework */; };
		F7B81BD6176F3B7E009B52D0 /* InfoPlist.strings in Resources */ = {isa = PBXBuildFile; fileRef = F7B81BD4176F3B7E009B52D0 /* InfoPlist.strings */; };
		F7B81BD8176F3B7E009B52D0 /* DetectFaceProjectTests.m in Sources */ = {isa = PBXBuildFile; fileRef = F7B81BD7176F3B7E009B52D0 /* DetectFaceProjectTests.m */; };
/* End PBXBuildFile section */

/* Begin PBXContainerItemProxy section */
		F7B81BCF176F3B7E009B52D0 /* PBXContainerItemProxy */ = {
			isa = PBXContainerItemProxy;
			containerPortal = F7B81BA7176F3B7E009B52D0 /* Project object */;
			proxyType = 1;
			remoteGlobalIDString = F7B81BAE176F3B7E009B52D0;
			remoteInfo = DetectFaceProject;
		};
/* End PBXContainerItemProxy section */

/* Begin PBXFileReference section */
		F7B81BAF176F3B7E009B52D0 /* DetectFaceProject.app */ = {isa = PBXFileReference; explicitFileType = wrapper.application; includeInIndex = 0; path = DetectFaceProject.app; sourceTree = BUILT_PRODUCTS_DIR; };
		F7B81BB2176F3B7E009B52D0 /* Foundation.framework */ = {isa = PBXFileReference; lastKnownFileType = wrapper.framework; name = Foundation.framework; path = System/Library/Frameworks/Foundation.framework; sourceTree = SDKROOT; };
		F7B81BB4176F3B7E009B52D0 /* CoreGraphics.framework */ = {isa = PBXFileReference; lastKnownFileType = wrapper.framework; name = CoreGraphics.framework; path = System/Library/Frameworks/CoreGraphics.framework; sourceTree = SDKROOT; };
		F7B81BB6176F3B7E009B52D0 /* UIKit.framework */ = {isa = PBXFileReference; lastKnownFileType = wrapper.framework; name = UIKit.framework; path = System/Library/Frameworks/UIKit.framework; sourceTree = SDKROOT; };
		F7B81BBA176F3B7E009B52D0 /* DetectFaceProject-Info.plist */ = {isa = PBXFileReference; lastKnownFileType = text.plist.xml; path = "DetectFaceProject-Info.plist"; sourceTree = "<group>"; };
		F7B81BBC176F3B7E009B52D0 /* en */ = {isa = PBXFileReference; lastKnownFileType = text.plist.strings; name = en; path = en.lproj/InfoPlist.strings; sourceTree = "<group>"; };
		F7B81BBE176F3B7E009B52D0 /* main.m */ = {isa = PBXFileReference; lastKnownFileType = sourcecode.c.objc; path = main.m; sourceTree = "<group>"; };
		F7B81BC0176F3B7E009B52D0 /* DetectFaceProject-Prefix.pch */ = {isa = PBXFileReference; lastKnownFileType = sourcecode.c.h; path = "DetectFaceProject-Prefix.pch"; sourceTree = "<group>"; };
		F7B81BC1176F3B7E009B52D0 /* AppDelegate.h */ = {isa = PBXFileReference; lastKnownFileType = sourcecode.c.h; path = AppDelegate.h; sourceTree = "<group>"; };
		F7B81BC2176F3B7E009B52D0 /* AppDelegate.m */ = {isa = PBXFileReference; lastKnownFileType = sourcecode.c.objc; path = AppDelegate.m; sourceTree = "<group>"; };
		F7B81BC4176F3B7E009B52D0 /* Images.xcassets */ = {isa = PBXFileReference; lastKnownFileType = folder.assetcatalog; path = Images.xcassets; sourceTree = "<group>"; };
		F7B81BCA176F3B7E009B52D0 /* DetectFaceProjectTests.xctest */ = {isa = PBXFileReference; explicitFileType = wrapper.cfbundle; includeInIndex = 0; path = DetectFaceProjectTests.xctest; sourceTree = BUILT_PRODUCTS_DIR; };
		F7B81BCB176F3B7E009B52D0 /* XCTest.framework */ = {isa = PBXFileReference; lastKnownFileType = wrapper.framework; name = XCTest.framework; path = Library/Frameworks/XCTest.framework; sourceTree = DEVELOPER_DIR; };
		F7B81BD3176F3B7E009B52D0 /* DetectFaceProjectTests-Info.plist */ = {isa = PBXFileReference; lastKnownFileType = text.plist.xml; path = "DetectFaceProjectTests-Info.plist"; sourceTree = "<group>"; };
		F7B81BD5176F3B7E009B52D0 /* en */ = {isa = PBXFileReference; lastKnownFileType = text.plist.strings; name = en; path = en.lproj/InfoPlist.strings; sourceTree = "<group>"; };
		F7B81BD7176F3B7E009B52D0 /* DetectFaceProjectTests.m */ = {isa = PBXFileReference; lastKnownFileType = sourcecode.c.objc; path = DetectFaceProjectTests.m; sourceTree = "<group>"; };
/* End PBXFileReference section */

/* Begin PBXFrameworksBuildPhase section */
		F7B81BAC176F3B7E009B52D0 /* Frameworks */ = {
			isa = PBXFrameworksBuildPhase;
			buildActionMask = 2147483647;
			files = (
				F7B81BB5176F3B7E009B52D0 /* CoreGraphics.framework in Frameworks */,
				F7B81BB7176F3B7E009B52D0 /* UIKit.framework in Frameworks */,
				F7B81BB3176F3B7E009B52D0 /* Foundation.framework in Frameworks */,
			);
			runOnlyForDeploymentPostprocessing = 0;
		};
		F7B81BC7176F3B7E009B52D0 /* Frameworks */ = {
			isa = PBXFrameworksBuildPhase;
			buildActionMask = 2147483647;
			files = (
				F7B81BCC176F3B7E009B52D0 /* XCTest.framework in Frameworks */,
				F7B81BCE176F3B7E009B52D0 /* UIKit.framework in Frameworks */,
				F7B81BCD176F3B7E009B52D0 /* Foundation.framework in Frameworks */,
			);
			runOnlyForDeploymentPostprocessing = 0;
		};
/* End PBXFrameworksBuildPhase section */

/* Begin PBXGroup section */
		F7B81BA6176F3B7E009B52D0 = {
			isa = PBXGroup;
			children = (
				F7B81BB8176F3B7E009B52D0 /* DetectFaceProject */,
				F7B81BD1176F3B7E009B52D0 /* DetectFaceProjectTests */,
				F7B81BB1176F3B7E009B52D0 /* Frameworks */,
				F7B81BB0176F3B7E009B52D0 /* Products */,
			);
			sourceTree = "<group>";
		};
		F7B81BB0176F3B7E009B52D0 /* Products */ = {
			isa = PBXGroup;
			children = (
				F7B81BAF176F3B7E009B52D0 /* DetectFaceProject.app */,
				F7B81BCA176F3B7E009B52D0 /* DetectFaceProjectTests.xctest */,
			);
			name = Products;
			sourceTree = "<group>";
		};
		F7B81BB1176F3B7E009B52D0 /* Frameworks */ = {
			isa = PBXGroup;
			children = (
				F7B81BB2176F3B7E009B52D0 /* Foundation.framework */,
				F7B81BB4176F3B7E009B52D0 /* CoreGraphics.framework */,
				F7B81BB6176F3B7E009B52D0 /* UIKit.framework */,
				F7B81BCB176F3B7E009B52D0 /* XCTest.framework */,
			);
			name = Frameworks;
			sourceTree = "<group>";
		};
		F7B81BB8176F3B7E009B52D0 /* DetectFaceProject */ = {
			isa = PBXGroup;
			children = (
				F7B81BC1176F3B7E009B52D0 /* AppDelegate.h */,
				F7B81BC2176F3B7E009B52D0 /* AppDelegate.m */,
				F7B81BC4176F3B7E009B52D0 /* Images.xcassets */,
				F7B81BB9176F3B7E009B52D0 /* Supporting Files */,
			);
			path = DetectFaceProject;
			sourceTree = "<group>";
		};
		F7B81BB9176F3B7E009B52D0 /* Supporting Files */ = {
			isa = PBXGroup;
			children = (
				F7B81BBA176F3B7E009B52D0 /* DetectFaceProject-Info.plist */,
				F7B81BBB176F3B7E009B52D0 /* InfoPlist.strings */,
				F7B81BBE176F3B7E009B52D0 /* main.m */,
				F7B81BC0176F3B7E009B52D0 /* DetectFaceProject-Prefix.pch */,
			);
			name = "Supporting Files";
			sourceTree = "<group>";
		};
		F7B81BD1176F3B7E009B52D0 /* DetectFaceProjectTests */ = {
			isa = PBXGroup;
			children = (
				F7B81BD7176F3B7E009B52D0 /* DetectFaceProjectTests.m */,
				F7B81BD2176F3B7E009B52D0 /* Supporting Files */,
			);
			path = DetectFaceProjectTests;
			sourceTree = "<group>";
		};
		F7B81BD2176F3B7E009B52D0 /* Supporting Files */ = {
			isa = PBXGroup;
			children = (
				F7B81BD3176F3B7E009B52D0 /* DetectFaceProjectTests-Info.plist */,
				F7B81BD4176F3B7E009B52D0 /* InfoPlist.strings */,
			);
			name = "Supporting Files";
			sourceTree = "<group>";
		};
/* End PBXGroup section */

/* Begin PBXNativeTarget section */
		F7B81BAE176F3B7E009B52D0 /* DetectFaceProject */ = {
			isa = PBXNativeTarget;
			buildConfigurationList = F7B81BDB176F3B7E009B52D0 /* Build configuration list for PBXNativeTarget "DetectFaceProject" */;
			buildPhases = (
				F7B81BAB176F3B7E009B52D0 /* Sources */,
				F7B81BAC176F3B7E009B52D0 /* Frameworks */,
				F7B81BAD176F3B7E009B52D0 /* Resources */,
			);
			buildRules = (
			);
			dependencies = (
			);
			name = DetectFaceProject;
			productName = DetectFaceProject;
			productReference = F7B81BAF176F3B7E009B52D0 /* DetectFaceProject.app */;
			productType = "com.apple.product-type.application";
		};
		F7B81BC9176F3B7E009B52D0 /* DetectFaceProjectTests */ = {
			isa = PBXNativeTarget;
			buildConfigurationList = F7B81BDE176F3B7E009B52D0 /* Build configuration list for PBXNativeTarget "DetectFaceProjectTests" */;
			buildPhases = (
				F7B81BC6176F3B7E009B52D0 /* Sources */,
				F7B81BC7176F3B7E009B52D0 /* Frameworks */,
				F7B81BC8176F3B7E009B52D0 /* Resources */,
			);
			buildRules = (
			);
			dependencies = (
				F7B81BD0176F3B7E009B52D0 /* PBXTargetDependency */,
			);
			name = DetectFaceProjectTests;
			productName = DetectFaceProjectTests;
			productReference = F7B81BCA176F3B7E009B52D0 /* DetectFaceProjectTests.xctest */;
			productType = "com.apple.product-type.bundle.unit-test";
		};
/* End PBXNativeTarget section */

/* Begin PBXProject section */
		F7B81BA7176F3B7E009B52D0 /* Project object */ = {
			isa = PBXProject;
			attributes = {
				LastUpgradeCheck = 0500;
				ORGANIZATIONNAME = MC372;
				TargetAttributes = {
					F7B81BC9176F3B7E009B52D0 = {
						TestTargetID = F7B81BAE176F3B7E009B52D0;
					};
				};
			};
			buildConfigurationList = F7B81BAA176F3B7E009B52D0 /* Build configuration list for PBXProject "DetectFaceProject" */;
			compatibilityVersion = "Xcode 3.2";
			developmentRegion = English;
			hasScannedForEncodings = 0;
			knownRegions = (
				en,
			);
			mainGroup = F7B81BA6176F3B7E009B52D0;
			productRefGroup = F7B81BB0176F3B7E009B52D0 /* Products */;
			projectDirPath = "";
			projectRoot = "";
			targets = (
				F7B81BAE176F3B7E009B52D0 /* DetectFaceProject */,
				F7B81BC9176F3B7E009B52D0 /* DetectFaceProjectTests */,
			);
		};
/* End PBXProject section */

/* Begin PBXResourcesBuildPhase section */
		F7B81BAD176F3B7E009B52D0 /* Resources */ = {
			isa = PBXResourcesBuildPhase;
			buildActionMask = 2147483647;
			files = (
				F7B81BBD176F3B7E009B52D0 /* InfoPlist.strings in Resources */,
				F7B81BC5176F3B7E009B52D0 /* Images.xcassets in Resources */,
			);
			runOnlyForDeploymentPostprocessing = 0;
		};
		F7B81BC8176F3B7E009B52D0 /* Resources */ = {
			isa = PBXResourcesBuildPhase;
			buildActionMask = 2147483647;
			files = (
				F7B81BD6176F3B7E009B52D0 /* InfoPlist.strings in Resources */,
			);
			runOnlyForDeploymentPostprocessing = 0;
		};
/* End PBXResourcesBuildPhase section */

/* Begin PBXSourcesBuildPhase section */
		F7B81BAB176F3B7E009B52D0 /* Sources */ = {
			isa = PBXSourcesBuildPhase;
			buildActionMask = 2147483647;
			files = (
				F7B81BC3176F3B7E009B52D0 /* AppDelegate.m in Sources */,
				F7B81BBF176F3B7E009B52D0 /* main.m in Sources */,
			);
			runOnlyForDeploymentPostprocessing = 0;
		};
		F7B81BC6176F3B7E009B52D0 /* Sources */ = {
			isa = PBXSourcesBuildPhase;
			buildActionMask = 2147483647;
			files = (
				F7B81BD8176F3B7E009B52D0 /* DetectFaceProjectTests.m in Sources */,
			);
			runOnlyForDeploymentPostprocessing = 0;
		};
/* End PBXSourcesBuildPhase section */

/* Begin PBXTargetDependency section */
		F7B81BD0176F3B7E009B52D0 /* PBXTargetDependency */ = {
			isa = PBXTargetDependency;
			target = F7B81BAE176F3B7E009B52D0 /* DetectFaceProject */;
			targetProxy = F7B81BCF176F3B7E009B52D0 /* PBXContainerItemProxy */;
		};
/* End PBXTargetDependency section */

/* Begin PBXVariantGroup section */
		F7B81BBB176F3B7E009B52D0 /* InfoPlist.strings */ = {
			isa = PBXVariantGroup;
			children = (
				F7B81BBC176F3B7E009B52D0 /* en */,
			);
			name = InfoPlist.strings;
			sourceTree = "<group>";
		};
		F7B81BD4176F3B7E009B52D0 /* InfoPlist.strings */ = {
			isa = PBXVariantGroup;
			children = (
				F7B81BD5176F3B7E009B52D0 /* en */,
			);
			name = InfoPlist.strings;
			sourceTree = "<group>";
		};
/* End PBXVariantGroup section */

/* Begin XCBuildConfiguration section */
		F7B81BD9176F3B7E009B52D0 /* Debug */ = {
			isa = XCBuildConfiguration;
			buildSettings = {
				ALWAYS_SEARCH_USER_PATHS = NO;
				CLANG_CXX_LANGUAGE_STANDARD = "gnu++0x";
				CLANG_CXX_LIBRARY = "libc++";
				CLANG_ENABLE_MODULES = YES;
				CLANG_ENABLE_OBJC_ARC = YES;
				CLANG_WARN_BOOL_CONVERSION = YES;
				CLANG_WARN_CONSTANT_CONVERSION = YES;
				CLANG_WARN_DIRECT_OBJC_ISA_USAGE = YES_ERROR;
				CLANG_WARN_EMPTY_BODY = YES;
				CLANG_WARN_ENUM_CONVERSION = YES;
				CLANG_WARN_INT_CONVERSION = YES;
				CLANG_WARN_OBJC_ROOT_CLASS = YES_ERROR;
				CLANG_WARN__DUPLICATE_METHOD_MATCH = YES;
				"CODE_SIGN_IDENTITY[sdk=iphoneos*]" = "iPhone Developer";
				COPY_PHASE_STRIP = NO;
				GCC_C_LANGUAGE_STANDARD = gnu99;
				GCC_DYNAMIC_NO_PIC = NO;
				GCC_OPTIMIZATION_LEVEL = 0;
				GCC_PREPROCESSOR_DEFINITIONS = (
					"DEBUG=1",
					"$(inherited)",
				);
				GCC_SYMBOLS_PRIVATE_EXTERN = NO;
				GCC_WARN_ABOUT_RETURN_TYPE = YES_ERROR;
				GCC_WARN_UNDECLARED_SELECTOR = YES;
				GCC_WARN_UNINITIALIZED_AUTOS = YES;
				GCC_WARN_UNUSED_FUNCTION = YES;
				GCC_WARN_UNUSED_VARIABLE = YES;
				IPHONEOS_DEPLOYMENT_TARGET = 7.0;
				ONLY_ACTIVE_ARCH = YES;
				SDKROOT = iphoneos;
				TARGETED_DEVICE_FAMILY = "1,2";
			};
			name = Debug;
		};
		F7B81BDA176F3B7E009B52D0 /* Release */ = {
			isa = XCBuildConfiguration;
			buildSettings = {
				ALWAYS_SEARCH_USER_PATHS = NO;
				CLANG_CXX_LANGUAGE_STANDARD = "gnu++0x";
				CLANG_CXX_LIBRARY = "libc++";
				CLANG_ENABLE_MODULES = YES;
				CLANG_ENABLE_OBJC_ARC = YES;
				CLANG_WARN_BOOL_CONVERSION = YES;
				CLANG_WARN_CONSTANT_CONVERSION = YES;
				CLANG_WARN_DIRECT_OBJC_ISA_USAGE = YES_ERROR;
				CLANG_WARN_EMPTY_BODY = YES;
				CLANG_WARN_ENUM_CONVERSION = YES;
				CLANG_WARN_INT_CONVERSION = YES;
				CLANG_WARN_OBJC_ROOT_CLASS = YES_ERROR;
				CLANG_WARN__DUPLICATE_METHOD_MATCH = YES;
				"CODE_SIGN_IDENTITY[sdk=iphoneos*]" = "iPhone Developer";
				COPY_PHASE_STRIP = YES;
				ENABLE_NS_ASSERTIONS = NO;
				GCC_C_LANGUAGE_STANDARD = gnu99;
				GCC_WARN_ABOUT_RETURN_TYPE = YES_ERROR;
				GCC_WARN_UNDECLARED_SELECTOR = YES;
				GCC_WARN_UNINITIALIZED_AUTOS = YES;
				GCC_WARN_UNUSED_FUNCTION = YES;
				GCC_WARN_UNUSED_VARIABLE = YES;
				IPHONEOS_DEPLOYMENT_TARGET = 7.0;
				SDKROOT = iphoneos;
				TARGETED_DEVICE_FAMILY = "1,2";
				VALIDATE_PRODUCT = YES;
			};
			name = Release;
		};
		F7B81BDC176F3B7E009B52D0 /* Debug */ = {
			isa = XCBuildConfiguration;
			buildSettings = {
				ASSETCATALOG_COMPILER_APPICON_NAME = AppIcon;
				ASSETCATALOG_COMPILER_LAUNCHIMAGE_NAME = LaunchImage;
				GCC_PRECOMPILE_PREFIX_HEADER = YES;
				GCC_PREFIX_HEADER = "DetectFaceProject/DetectFaceProject-Prefix.pch";
				INFOPLIST_FILE = "DetectFaceProject/DetectFaceProject-Info.plist";
				PRODUCT_NAME = "$(TARGET_NAME)";
				WRAPPER_EXTENSION = app;
			};
			name = Debug;
		};
		F7B81BDD176F3B7E009B52D0 /* Release */ = {
			isa = XCBuildConfiguration;
			buildSettings = {
				ASSETCATALOG_COMPILER_APPICON_NAME = AppIcon;
				ASSETCATALOG_COMPILER_LAUNCHIMAGE_NAME = LaunchImage;
				GCC_PRECOMPILE_PREFIX_HEADER = YES;
				GCC_PREFIX_HEADER = "DetectFaceProject/DetectFaceProject-Prefix.pch";
				INFOPLIST_FILE = "DetectFaceProject/DetectFaceProject-Info.plist";
				PRODUCT_NAME = "$(TARGET_NAME)";
				WRAPPER_EXTENSION = app;
			};
			name = Release;
		};
		F7B81BDF176F3B7E009B52D0 /* Debug */ = {
			isa = XCBuildConfiguration;
			buildSettings = {
				BUNDLE_LOADER = "$(BUILT_PRODUCTS_DIR)/DetectFaceProject.app/DetectFaceProject";
				FRAMEWORK_SEARCH_PATHS = (
					"$(SDKROOT)/Developer/Library/Frameworks",
					"$(inherited)",
					"$(DEVELOPER_FRAMEWORKS_DIR)",
				);
				GCC_PRECOMPILE_PREFIX_HEADER = YES;
				GCC_PREFIX_HEADER = "DetectFaceProject/DetectFaceProject-Prefix.pch";
				GCC_PREPROCESSOR_DEFINITIONS = (
					"DEBUG=1",
					"$(inherited)",
				);
				INFOPLIST_FILE = "DetectFaceProjectTests/DetectFaceProjectTests-Info.plist";
				PRODUCT_NAME = "$(TARGET_NAME)";
				TEST_HOST = "$(BUNDLE_LOADER)";
				WRAPPER_EXTENSION = xctest;
			};
			name = Debug;
		};
		F7B81BE0176F3B7E009B52D0 /* Release */ = {
			isa = XCBuildConfiguration;
			buildSettings = {
				BUNDLE_LOADER = "$(BUILT_PRODUCTS_DIR)/DetectFaceProject.app/DetectFaceProject";
				FRAMEWORK_SEARCH_PATHS = (
					"$(SDKROOT)/Developer/Library/Frameworks",
					"$(inherited)",
					"$(DEVELOPER_FRAMEWORKS_DIR)",
				);
				GCC_PRECOMPILE_PREFIX_HEADER = YES;
				GCC_PREFIX_HEADER = "DetectFaceProject/DetectFaceProject-Prefix.pch";
				INFOPLIST_FILE = "DetectFaceProjectTests/DetectFaceProjectTests-Info.plist";
				PRODUCT_NAME = "$(TARGET_NAME)";
				TEST_HOST = "$(BUNDLE_LOADER)";
				WRAPPER_EXTENSION = xctest;
			};
			name = Release;
		};
/* End XCBuildConfiguration section */

/* Begin XCConfigurationList section */
		F7B81BAA176F3B7E009B52D0 /* Build configuration list for PBXProject "DetectFaceProject" */ = {
			isa = XCConfigurationList;
			buildConfigurations = (
				F7B81BD9176F3B7E009B52D0 /* Debug */,
				F7B81BDA176F3B7E009B52D0 /* Release */,
			);
			defaultConfigurationIsVisible = 0;
			defaultConfigurationName = Release;
		};
		F7B81BDB176F3B7E009B52D0 /* Build configuration list for PBXNativeTarget "DetectFaceProject" */ = {
			isa = XCConfigurationList;
			buildConfigurations = (
				F7B81BDC176F3B7E009B52D0 /* Debug */,
				F7B81BDD176F3B7E009B52D0 /* Release */,
			);
			defaultConfigurationIsVisible = 0;
		};
		F7B81BDE176F3B7E009B52D0 /* Build configuration list for PBXNativeTarget "DetectFaceProjectTests" */ = {
			isa = XCConfigurationList;
			buildConfigurations = (
				F7B81BDF176F3B7E009B52D0 /* Debug */,
				F7B81BE0176F3B7E009B52D0 /* Release */,
			);
			defaultConfigurationIsVisible = 0;
		};
/* End XCConfigurationList section */
	};
	rootObject = F7B81BA7176F3B7E009B52D0 /* Project object */;
}
